
Microsoft Visual Studio Solution File, Format Version 12.00
# Visual Studio Version 17
VisualStudioVersion = 17.14.36908.2 d17.14
MinimumVisualStudioVersion = 10.0.40219.1
Project("{8BC9CEB8-8B4A-11D0-8D11-00A0C91BC942}") = "winapi", "winapi.vcxproj", "{8C6E33F4-7FDC-4BDD-908B-F0716197CBEB}"
EndProject
Global
	GlobalSection(SolutionConfigurationPlatforms) = preSolution
		Debug|x64 = Debug|x64
		Debug|x86 = Debug|x86
		Release|x64 = Release|x64
		Release|x86 = Release|x86
	EndGlobalSection
	GlobalSection(ProjectConfigurationPlatforms) = postSolution
		{8C6E33F4-7FDC-4BDD-908B-F0716197CBEB}.Debug|x64.ActiveCfg = Debug|x64
		{8C6E33F4-7FDC-4BDD-908B-F0716197CBEB}.Debug|x64.Build.0 = Debug|x64
		{8C6E33F4-7FDC-4BDD-908B-F0716197CBEB}.Debug|x86.ActiveCfg = Debug|Win32
		{8C6E33F4-7FDC-4BDD-908B-F0716197CBEB}.Debug|x86.Build.0 = Debug|Win32
		{8C6E33F4-7FDC-4BDD-908B-F0716197CBEB}.Release|x64.ActiveCfg = Release|x64
		{8C6E33F4-7FDC-4BDD-908B-F0716197CBEB}.Release|x64.Build.0 = Release|x64
		{8C6E33F4-7FDC-4BDD-908B-F0716197CBEB}.Release|x86.ActiveCfg = Release|Win32
		{8C6E33F4-7FDC-4BDD-908B-F0716197CBEB}.Release|x86.Build.0 = Release|Win32
	EndGlobalSection
	GlobalSection(SolutionProperties) = preSolution
		HideSolutionNode = FALSE
	EndGlobalSection
	GlobalSection(ExtensibilityGlobals) = postSolution
		SolutionGuid = {49991099-C6AA-4048-8FE4-7A91BE632D45}
	EndGlobalSection
EndGlobal
