<?xml version="1.0" encoding="utf-8"?>
<Project ToolsVersion="4.0" xmlns="http://schemas.microsoft.com/developer/msbuild/2003">
  <ItemGroup>
    <ClCompile Include="src\RainJIT.cpp" />
    <ClCompile Include="src\rain.cpp" />
    <ClCompile Include="src\binding.cpp" />
    <ClCompile Include="src\Modules\hotkey\hotkey.cpp">
      <Filter>Modules\hotkey</Filter>
    </ClCompile>
    <ClCompile Include="src\Modules\fetch\core.cpp">
      <Filter>Modules\fetch</Filter>
    </ClCompile>
    <ClCompile Include="src\Modules\fetch\http.cpp">
      <Filter>Modules\fetch</Filter>
    </ClCompile>
    <ClCompile Include="src\Modules\fetch\lua.cpp">
      <Filter>Modules\fetch</Filter>
    </ClCompile>
    <ClCompile Include="src\Modules\mshtml\mshtml.cpp" />
    <ClCompile Include="src\Modules\browser\browser.cpp" />
    <ClCompile Include="src\Modules\browser\browser_core.cpp" />
    <ClCompile Include="packages\gumbo\src\attribute.c">
      <Filter>Packages\Gumbo</Filter>
    </ClCompile>
    <ClCompile Include="packages\gumbo\src\char_ref.c">
      <Filter>Packages\Gumbo</Filter>
    </ClCompile>
    <ClCompile Include="packages\gumbo\src\error.c">
      <Filter>Packages\Gumbo</Filter>
    </ClCompile>
    <ClCompile Include="packages\gumbo\src\parser.c">
      <Filter>Packages\Gumbo</Filter>
    </ClCompile>
    <ClCompile Include="packages\gumbo\src\string_buffer.c">
      <Filter>Packages\Gumbo</Filter>
    </ClCompile>
    <ClCompile Include="packages\gumbo\src\string_piece.c">
      <Filter>Packages\Gumbo</Filter>
    </ClCompile>
    <ClCompile Include="packages\gumbo\src\tag.c">
      <Filter>Packages\Gumbo</Filter>
    </ClCompile>
    <ClCompile Include="packages\gumbo\src\tokenizer.c">
      <Filter>Packages\Gumbo</Filter>
    </ClCompile>
    <ClCompile Include="packages\gumbo\src\utf8.c">
      <Filter>Packages\Gumbo</Filter>
    </ClCompile>
    <ClCompile Include="packages\gumbo\src\util.c">
      <Filter>Packages\Gumbo</Filter>
    </ClCompile>
    <ClCompile Include="packages\gumbo\src\vector.c">
      <Filter>Packages\Gumbo</Filter>
    </ClCompile>
    <ClCompile Include="src\Modules\depot\depot.cpp">
      <Filter>Modules\depot</Filter>
    </ClCompile>
    <ClCompile Include="src\Modules\html\html.cpp">
      <Filter>Modules\html</Filter>
    </ClCompile>
    <ClCompile Include="src\Modules\html\html_document.cpp">
      <Filter>Modules\html</Filter>
    </ClCompile>
    <ClCompile Include="src\Modules\html\html_node.cpp">
      <Filter>Modules\html</Filter>
    </ClCompile>
    <ClCompile Include="src\Modules\html\html_nodelist.cpp">
      <Filter>Modules\html</Filter>
    </ClCompile>
    <ClCompile Include="src\Modules\html\html_selector.cpp">
      <Filter>Modules\html</Filter>
    </ClCompile>
    <ClCompile Include="src\Modules\xml\xml.cpp">
      <Filter>Modules\xml</Filter>
    </ClCompile>
    <ClCompile Include="packages\pugixml\src\pugixml.cpp">
      <Filter>Packages\pugixml</Filter>
    </ClCompile>
  </ItemGroup>
  <ItemGroup>
    <ClInclude Include="src\utils\filesystem.hpp">
      <Filter>Utils</Filter>
    </ClInclude>
    <ClInclude Include="src\utils\strings.hpp">
      <Filter>Utils</Filter>
    </ClInclude>
    <ClInclude Include="src\utils\util.hpp">
      <Filter>Utils</Filter>
    </ClInclude>
    <ClInclude Include="src\Includes\binding.hpp">
      <Filter>Includes</Filter>
    </ClInclude>
    <ClInclude Include="src\Includes\rain.hpp">
      <Filter>Includes</Filter>
    </ClInclude>
    <ClInclude Include="src\Includes\lua.hpp">
      <Filter>Includes</Filter>
    </ClInclude>
    <ClInclude Include="src\Includes\wrapper.hpp">
      <Filter>Includes</Filter>
    </ClInclude>
    <ClInclude Include="src\Modules\hotkey\hotkey.hpp">
      <Filter>Modules\hotkey</Filter>
    </ClInclude>
    <ClInclude Include="src\Modules\fetch\core.hpp">
      <Filter>Modules\fetch</Filter>
    </ClInclude>
    <ClInclude Include="src\Modules\fetch\fetch.hpp">
      <Filter>Modules\fetch</Filter>
    </ClInclude>
    <ClInclude Include="src\Modules\fetch\http.hpp">
      <Filter>Modules\fetch</Filter>
    </ClInclude>
    <ClInclude Include="src\Modules\fetch\lua.hpp">
      <Filter>Modules\fetch</Filter>
    </ClInclude>
    <ClInclude Include="src\Modules\mshtml\mshtml.hpp" />
    <ClInclude Include="src\Modules\browser\browser.hpp" />
    <ClInclude Include="src\Includes\define.hpp">
      <Filter>Includes</Filter>
    </ClInclude>
    <ClInclude Include="packages\rainmeter\include\RainmeterAPI.hpp">
      <Filter>Packages\Rainmeter</Filter>
    </ClInclude>
    <ClInclude Include="src\Modules\depot\depot.hpp">
      <Filter>Modules\depot</Filter>
    </ClInclude>
    <ClInclude Include="src\Modules\html\html.hpp">
      <Filter>Modules\html</Filter>
    </ClInclude>
    <ClInclude Include="src\Modules\html\html_document.hpp">
      <Filter>Modules\html</Filter>
    </ClInclude>
    <ClInclude Include="src\Modules\html\html_node.hpp">
      <Filter>Modules\html</Filter>
    </ClInclude>
    <ClInclude Include="src\Modules\html\html_nodelist.hpp">
      <Filter>Modules\html</Filter>
    </ClInclude>
    <ClInclude Include="src\Modules\html\html_selector.hpp">
      <Filter>Modules\html</Filter>
    </ClInclude>
    <ClInclude Include="packages\gumbo\src\strings.h">
      <Filter>Packages\Gumbo</Filter>
    </ClInclude>
    <ClInclude Include="src\Modules\xml\xml.hpp">
      <Filter>Modules\xml</Filter>
    </ClInclude>
    <ClInclude Include="packages\pugixml\src\pugiconfig.hpp">
      <Filter>Packages\pugixml</Filter>
    </ClInclude>
    <ClInclude Include="packages\pugixml\src\pugixml.hpp">
      <Filter>Packages\pugixml</Filter>
    </ClInclude>
  </ItemGroup>
  <ItemGroup>
    <ResourceCompile Include="RainJIT.rc" />
  </ItemGroup>
  <ItemGroup>
    <None Include=".editorconfig" />
    <None Include="packages.config" />
  </ItemGroup>
  <ItemGroup>
    <Filter Include="Modules">
      <UniqueIdentifier>{f634f97f-8120-4743-8d68-8f72b381e679}</UniqueIdentifier>
    </Filter>
    <Filter Include="Modules\depot">
      <UniqueIdentifier>{92e7c36b-e92a-44aa-8db9-75d0f35a6598}</UniqueIdentifier>
    </Filter>
    <Filter Include="Modules\hotkey">
      <UniqueIdentifier>{947a6567-512f-4ba2-9dac-a597c9f54a90}</UniqueIdentifier>
    </Filter>
    <Filter Include="Modules\fetch">
      <UniqueIdentifier>{cc70566e-759a-4426-8fdd-207db5ef73c0}</UniqueIdentifier>
    </Filter>
    <Filter Include="Utils">
      <UniqueIdentifier>{a72643db-b822-46b7-8967-9d2d87270e3a}</UniqueIdentifier>
    </Filter>
    <Filter Include="Includes">
      <UniqueIdentifier>{6bd68a40-59f6-4087-bd93-dc1e329b36f1}</UniqueIdentifier>
    </Filter>
    <Filter Include="Packages">
      <UniqueIdentifier>{080f140f-bfd1-4b30-9a02-b59ff9a6f4ee}</UniqueIdentifier>
    </Filter>
    <Filter Include="Packages\Rainmeter">
      <UniqueIdentifier>{b9359d30-8c24-4c1e-961e-d3bfe9a111dd}</UniqueIdentifier>
    </Filter>
    <Filter Include="Packages\Gumbo">
      <UniqueIdentifier>{5ddb3a8e-9794-483f-8350-3eff01563f6c}</UniqueIdentifier>
    </Filter>
    <Filter Include="Modules\html">
      <UniqueIdentifier>{cb8057e9-8f70-4a2c-ab4b-d6e9283f83bb}</UniqueIdentifier>
    </Filter>
    <Filter Include="Modules\xml">
      <UniqueIdentifier>{39ae4480-6e5e-4a2d-b476-3172e7c5ebdd}</UniqueIdentifier>
    </Filter>
    <Filter Include="Packages\pugixml">
      <UniqueIdentifier>{689380ae-0ebf-4ea9-a16b-227df6d0256a}</UniqueIdentifier>
    </Filter>
  </ItemGroup>
</Project>